Microsoft Visual Studio Solution File, Format Version 12.00
# Visual Studio Version 16
VisualStudioVersion = 16.0.30621.155
MinimumVisualStudioVersion = 10.0.40219.1
Project("{2150E333-8FDC-42A3-9474-1A3956D46DE8}") = "stuff", "stuff", "{1ABDD7C1-1F8D-402D-8692-3E4B66962DE0}"
	ProjectSection(SolutionItems) = preProject
		appveyor.yml = appveyor.yml
		CHANGELOG.md = CHANGELOG.md
		CONTRIBUTING.md = CONTRIBUTING.md
		LICENSE.md = LICENSE.md
		README.md = README.md
	EndProjectSection
EndProject
Project("{9A19103F-16F7-4668-BE54-9A1E7A4F7556}") = "Rebus.RabbitMq", "Rebus.RabbitMq\Rebus.RabbitMq.csproj", "{F4DC44C0-8822-4602-A840-A061E12650B9}"
EndProject
Project("{9A19103F-16F7-4668-BE54-9A1E7A4F7556}") = "Rebus.RabbitMq.Tests", "Rebus.RabbitMq.Tests\Rebus.RabbitMq.Tests.csproj", "{B8B9F10C-A675-49F0-92F4-FBA327C8399F}"
EndProject
Global
	GlobalSection(SolutionConfigurationPlatforms) = preSolution
		Debug|Any CPU = Debug|Any CPU
		Release|Any CPU = Release|Any CPU
	EndGlobalSection
	GlobalSection(ProjectConfigurationPlatforms) = postSolution
		{F4DC44C0-8822-4602-A840-A061E12650B9}.Debug|Any CPU.ActiveCfg = Debug|Any CPU
		{F4DC44C0-8822-4602-A840-A061E12650B9}.Debug|Any CPU.Build.0 = Debug|Any CPU
		{F4DC44C0-8822-4602-A840-A061E12650B9}.Release|Any CPU.ActiveCfg = Release|Any CPU
		{F4DC44C0-8822-4602-A840-A061E12650B9}.Release|Any CPU.Build.0 = Release|Any CPU
		{B8B9F10C-A675-49F0-92F4-FBA327C8399F}.Debug|Any CPU.ActiveCfg = Debug|Any CPU
		{B8B9F10C-A675-49F0-92F4-FBA327C8399F}.Debug|Any CPU.Build.0 = Debug|Any CPU
		{B8B9F10C-A675-49F0-92F4-FBA327C8399F}.Release|Any CPU.ActiveCfg = Release|Any CPU
		{B8B9F10C-A675-49F0-92F4-FBA327C8399F}.Release|Any CPU.Build.0 = Release|Any CPU
	EndGlobalSection
	GlobalSection(SolutionProperties) = preSolution
		HideSolutionNode = FALSE
	EndGlobalSection
	GlobalSection(ExtensibilityGlobals) = postSolution
		SolutionGuid = {3E218423-84EF-479E-A65F-1E8BD5BBA623}
	EndGlobalSection
EndGlobal
